
Microsoft Visual Studio Solution File, Format Version 12.00
# Visual Studio Version 17
VisualStudioVersion = 17.0.31903.59
MinimumVisualStudioVersion = 10.0.40219.1
Project("{2150E333-8FDC-42A3-9474-1A3956D46DE8}") = "src", "src", "{827E0CD3-B72D-47B6-A68D-7590B98EB39B}"
EndProject
Project("{FAE04EC0-301F-11D3-BF4B-00C04F79EFBC}") = "LibrarySystem.Application", "src\LibrarySystem.Application\LibrarySystem.Application.csproj", "{96F8B975-1B23-495E-8D40-EB8DDA28BA30}"
EndProject
Project("{FAE04EC0-301F-11D3-BF4B-00C04F79EFBC}") = "LibrarySystem.Infrastructure", "src\LibrarySystem.Infrastructure\LibrarySystem.Infrastructure.csproj", "{74A49996-242D-4E15-A59A-C52737842C16}"
EndProject
Project("{FAE04EC0-301F-11D3-BF4B-00C04F79EFBC}") = "LibrarySystem.Api", "src\LibrarySystem.Api\LibrarySystem.Api.csproj", "{AEB87A54-84F1-46DC-B1F4-BFEF360A8B21}"
EndProject
Project("{2150E333-8FDC-42A3-9474-1A3956D46DE8}") = "tests", "tests", "{0AB3BF05-4346-4AA6-1389-037BE0695223}"
EndProject
Project("{FAE04EC0-301F-11D3-BF4B-00C04F79EFBC}") = "LibrarySystem.Domain.Tests", "tests\LibrarySystem.Domain.Tests\LibrarySystem.Domain.Tests.csproj", "{58B493BE-C214-4422-B899-A54ADE1FB2A2}"
EndProject
Project("{FAE04EC0-301F-11D3-BF4B-00C04F79EFBC}") = "LibrarySystem.Application.Tests", "tests\LibrarySystem.Application.Tests\LibrarySystem.Application.Tests.csproj", "{87186E46-5F65-4277-9816-CE58B5928BB1}"
EndProject
Project("{FAE04EC0-301F-11D3-BF4B-00C04F79EFBC}") = "LibrarySystem.Infrastructure.Tests", "tests\LibrarySystem.Infrastructure.Tests\LibrarySystem.Infrastructure.Tests.csproj", "{8613619B-495F-46D0-A124-2D918382BB94}"
EndProject
Project("{FAE04EC0-301F-11D3-BF4B-00C04F79EFBC}") = "LibrarySystem.Api.Tests", "tests\LibrarySystem.Api.Tests\LibrarySystem.Api.Tests.csproj", "{76A5CD3F-BBBF-43EA-A20A-155653EC370D}"
EndProject
Project("{FAE04EC0-301F-11D3-BF4B-00C04F79EFBC}") = "LibrarySystem.Domain", "src\LibrarySystem.Domain\LibrarySystem.Domain.csproj", "{74302FDB-63FD-4D52-886E-F8DDEF7925A5}"
EndProject
Global
	GlobalSection(SolutionConfigurationPlatforms) = preSolution
		Debug|Any CPU = Debug|Any CPU
		Debug|x64 = Debug|x64
		Debug|x86 = Debug|x86
		Release|Any CPU = Release|Any CPU
		Release|x64 = Release|x64
		Release|x86 = Release|x86
	EndGlobalSection
	GlobalSection(ProjectConfigurationPlatforms) = postSolution
		{96F8B975-1B23-495E-8D40-EB8DDA28BA30}.Debug|Any CPU.ActiveCfg = Debug|Any CPU
		{96F8B975-1B23-495E-8D40-EB8DDA28BA30}.Debug|Any CPU.Build.0 = Debug|Any CPU
		{96F8B975-1B23-495E-8D40-EB8DDA28BA30}.Debug|x64.ActiveCfg = Debug|Any CPU
		{96F8B975-1B23-495E-8D40-EB8DDA28BA30}.Debug|x64.Build.0 = Debug|Any CPU
		{96F8B975-1B23-495E-8D40-EB8DDA28BA30}.Debug|x86.ActiveCfg = Debug|Any CPU
		{96F8B975-1B23-495E-8D40-EB8DDA28BA30}.Debug|x86.Build.0 = Debug|Any CPU
		{96F8B975-1B23-495E-8D40-EB8DDA28BA30}.Release|Any CPU.ActiveCfg = Release|Any CPU
		{96F8B975-1B23-495E-8D40-EB8DDA28BA30}.Release|Any CPU.Build.0 = Release|Any CPU
		{96F8B975-1B23-495E-8D40-EB8DDA28BA30}.Release|x64.ActiveCfg = Release|Any CPU
		{96F8B975-1B23-495E-8D40-EB8DDA28BA30}.Release|x64.Build.0 = Release|Any CPU
		{96F8B975-1B23-495E-8D40-EB8DDA28BA30}.Release|x86.ActiveCfg = Release|Any CPU
		{96F8B975-1B23-495E-8D40-EB8DDA28BA30}.Release|x86.Build.0 = Release|Any CPU
		{74A49996-242D-4E15-A59A-C52737842C16}.Debug|Any CPU.ActiveCfg = Debug|Any CPU
		{74A49996-242D-4E15-A59A-C52737842C16}.Debug|Any CPU.Build.0 = Debug|Any CPU
		{74A49996-242D-4E15-A59A-C52737842C16}.Debug|x64.ActiveCfg = Debug|Any CPU
		{74A49996-242D-4E15-A59A-C52737842C16}.Debug|x64.Build.0 = Debug|Any CPU
		{74A49996-242D-4E15-A59A-C52737842C16}.Debug|x86.ActiveCfg = Debug|Any CPU
		{74A49996-242D-4E15-A59A-C52737842C16}.Debug|x86.Build.0 = Debug|Any CPU
		{74A49996-242D-4E15-A59A-C52737842C16}.Release|Any CPU.ActiveCfg = Release|Any CPU
		{74A49996-242D-4E15-A59A-C52737842C16}.Release|Any CPU.Build.0 = Release|Any CPU
		{74A49996-242D-4E15-A59A-C52737842C16}.Release|x64.ActiveCfg = Release|Any CPU
		{74A49996-242D-4E15-A59A-C52737842C16}.Release|x64.Build.0 = Release|Any CPU
		{74A49996-242D-4E15-A59A-C52737842C16}.Release|x86.ActiveCfg = Release|Any CPU
		{74A49996-242D-4E15-A59A-C52737842C16}.Release|x86.Build.0 = Release|Any CPU
		{AEB87A54-84F1-46DC-B1F4-BFEF360A8B21}.Debug|Any CPU.ActiveCfg = Debug|Any CPU
		{AEB87A54-84F1-46DC-B1F4-BFEF360A8B21}.Debug|Any CPU.Build.0 = Debug|Any CPU
		{AEB87A54-84F1-46DC-B1F4-BFEF360A8B21}.Debug|x64.ActiveCfg = Debug|Any CPU
		{AEB87A54-84F1-46DC-B1F4-BFEF360A8B21}.Debug|x64.Build.0 = Debug|Any CPU
		{AEB87A54-84F1-46DC-B1F4-BFEF360A8B21}.Debug|x86.ActiveCfg = Debug|Any CPU
		{AEB87A54-84F1-46DC-B1F4-BFEF360A8B21}.Debug|x86.Build.0 = Debug|Any CPU
		{AEB87A54-84F1-46DC-B1F4-BFEF360A8B21}.Release|Any CPU.ActiveCfg = Release|Any CPU
		{AEB87A54-84F1-46DC-B1F4-BFEF360A8B21}.Release|Any CPU.Build.0 = Release|Any CPU
		{AEB87A54-84F1-46DC-B1F4-BFEF360A8B21}.Release|x64.ActiveCfg = Release|Any CPU
		{AEB87A54-84F1-46DC-B1F4-BFEF360A8B21}.Release|x64.Build.0 = Release|Any CPU
		{AEB87A54-84F1-46DC-B1F4-BFEF360A8B21}.Release|x86.ActiveCfg = Release|Any CPU
		{AEB87A54-84F1-46DC-B1F4-BFEF360A8B21}.Release|x86.Build.0 = Release|Any CPU
		{58B493BE-C214-4422-B899-A54ADE1FB2A2}.Debug|Any CPU.ActiveCfg = Debug|Any CPU
		{58B493BE-C214-4422-B899-A54ADE1FB2A2}.Debug|Any CPU.Build.0 = Debug|Any CPU
		{58B493BE-C214-4422-B899-A54ADE1FB2A2}.Debug|x64.ActiveCfg = Debug|Any CPU
		{58B493BE-C214-4422-B899-A54ADE1FB2A2}.Debug|x64.Build.0 = Debug|Any CPU
		{58B493BE-C214-4422-B899-A54ADE1FB2A2}.Debug|x86.ActiveCfg = Debug|Any CPU
		{58B493BE-C214-4422-B899-A54ADE1FB2A2}.Debug|x86.Build.0 = Debug|Any CPU
		{58B493BE-C214-4422-B899-A54ADE1FB2A2}.Release|Any CPU.ActiveCfg = Release|Any CPU
		{58B493BE-C214-4422-B899-A54ADE1FB2A2}.Release|Any CPU.Build.0 = Release|Any CPU
		{58B493BE-C214-4422-B899-A54ADE1FB2A2}.Release|x64.ActiveCfg = Release|Any CPU
		{58B493BE-C214-4422-B899-A54ADE1FB2A2}.Release|x64.Build.0 = Release|Any CPU
		{58B493BE-C214-4422-B899-A54ADE1FB2A2}.Release|x86.ActiveCfg = Release|Any CPU
		{58B493BE-C214-4422-B899-A54ADE1FB2A2}.Release|x86.Build.0 = Release|Any CPU
		{87186E46-5F65-4277-9816-CE58B5928BB1}.Debug|Any CPU.ActiveCfg = Debug|Any CPU
		{87186E46-5F65-4277-9816-CE58B5928BB1}.Debug|Any CPU.Build.0 = Debug|Any CPU
		{87186E46-5F65-4277-9816-CE58B5928BB1}.Debug|x64.ActiveCfg = Debug|Any CPU
		{87186E46-5F65-4277-9816-CE58B5928BB1}.Debug|x64.Build.0 = Debug|Any CPU
		{87186E46-5F65-4277-9816-CE58B5928BB1}.Debug|x86.ActiveCfg = Debug|Any CPU
		{87186E46-5F65-4277-9816-CE58B5928BB1}.Debug|x86.Build.0 = Debug|Any CPU
		{87186E46-5F65-4277-9816-CE58B5928BB1}.Release|Any CPU.ActiveCfg = Release|Any CPU
		{87186E46-5F65-4277-9816-CE58B5928BB1}.Release|Any CPU.Build.0 = Release|Any CPU
		{87186E46-5F65-4277-9816-CE58B5928BB1}.Release|x64.ActiveCfg = Release|Any CPU
		{87186E46-5F65-4277-9816-CE58B5928BB1}.Release|x64.Build.0 = Release|Any CPU
		{87186E46-5F65-4277-9816-CE58B5928BB1}.Release|x86.ActiveCfg = Release|Any CPU
		{87186E46-5F65-4277-9816-CE58B5928BB1}.Release|x86.Build.0 = Release|Any CPU
		{8613619B-495F-46D0-A124-2D918382BB94}.Debug|Any CPU.ActiveCfg = Debug|Any CPU
		{8613619B-495F-46D0-A124-2D918382BB94}.Debug|Any CPU.Build.0 = Debug|Any CPU
		{8613619B-495F-46D0-A124-2D918382BB94}.Debug|x64.ActiveCfg = Debug|Any CPU
		{8613619B-495F-46D0-A124-2D918382BB94}.Debug|x64.Build.0 = Debug|Any CPU
		{8613619B-495F-46D0-A124-2D918382BB94}.Debug|x86.ActiveCfg = Debug|Any CPU
		{8613619B-495F-46D0-A124-2D918382BB94}.Debug|x86.Build.0 = Debug|Any CPU
		{8613619B-495F-46D0-A124-2D918382BB94}.Release|Any CPU.ActiveCfg = Release|Any CPU
		{8613619B-495F-46D0-A124-2D918382BB94}.Release|Any CPU.Build.0 = Release|Any CPU
		{8613619B-495F-46D0-A124-2D918382BB94}.Release|x64.ActiveCfg = Release|Any CPU
		{8613619B-495F-46D0-A124-2D918382BB94}.Release|x64.Build.0 = Release|Any CPU
		{8613619B-495F-46D0-A124-2D918382BB94}.Release|x86.ActiveCfg = Release|Any CPU
		{8613619B-495F-46D0-A124-2D918382BB94}.Release|x86.Build.0 = Release|Any CPU
		{76A5CD3F-BBBF-43EA-A20A-155653EC370D}.Debug|Any CPU.ActiveCfg = Debug|Any CPU
		{76A5CD3F-BBBF-43EA-A20A-155653EC370D}.Debug|Any CPU.Build.0 = Debug|Any CPU
		{76A5CD3F-BBBF-43EA-A20A-155653EC370D}.Debug|x64.ActiveCfg = Debug|Any CPU
		{76A5CD3F-BBBF-43EA-A20A-155653EC370D}.Debug|x64.Build.0 = Debug|Any CPU
		{76A5CD3F-BBBF-43EA-A20A-155653EC370D}.Debug|x86.ActiveCfg = Debug|Any CPU
		{76A5CD3F-BBBF-43EA-A20A-155653EC370D}.Debug|x86.Build.0 = Debug|Any CPU
		{76A5CD3F-BBBF-43EA-A20A-155653EC370D}.Release|Any CPU.ActiveCfg = Release|Any CPU
		{76A5CD3F-BBBF-43EA-A20A-155653EC370D}.Release|Any CPU.Build.0 = Release|Any CPU
		{76A5CD3F-BBBF-43EA-A20A-155653EC370D}.Release|x64.ActiveCfg = Release|Any CPU
		{76A5CD3F-BBBF-43EA-A20A-155653EC370D}.Release|x64.Build.0 = Release|Any CPU
		{76A5CD3F-BBBF-43EA-A20A-155653EC370D}.Release|x86.ActiveCfg = Release|Any CPU
		{76A5CD3F-BBBF-43EA-A20A-155653EC370D}.Release|x86.Build.0 = Release|Any CPU
		{74302FDB-63FD-4D52-886E-F8DDEF7925A5}.Debug|Any CPU.ActiveCfg = Debug|Any CPU
		{74302FDB-63FD-4D52-886E-F8DDEF7925A5}.Debug|Any CPU.Build.0 = Debug|Any CPU
		{74302FDB-63FD-4D52-886E-F8DDEF7925A5}.Debug|x64.ActiveCfg = Debug|Any CPU
		{74302FDB-63FD-4D52-886E-F8DDEF7925A5}.Debug|x64.Build.0 = Debug|Any CPU
		{74302FDB-63FD-4D52-886E-F8DDEF7925A5}.Debug|x86.ActiveCfg = Debug|Any CPU
		{74302FDB-63FD-4D52-886E-F8DDEF7925A5}.Debug|x86.Build.0 = Debug|Any CPU
		{74302FDB-63FD-4D52-886E-F8DDEF7925A5}.Release|Any CPU.ActiveCfg = Release|Any CPU
		{74302FDB-63FD-4D52-886E-F8DDEF7925A5}.Release|Any CPU.Build.0 = Release|Any CPU
		{74302FDB-63FD-4D52-886E-F8DDEF7925A5}.Release|x64.ActiveCfg = Release|Any CPU
		{74302FDB-63FD-4D52-886E-F8DDEF7925A5}.Release|x64.Build.0 = Release|Any CPU
		{74302FDB-63FD-4D52-886E-F8DDEF7925A5}.Release|x86.ActiveCfg = Release|Any CPU
		{74302FDB-63FD-4D52-886E-F8DDEF7925A5}.Release|x86.Build.0 = Release|Any CPU
	EndGlobalSection
	GlobalSection(SolutionProperties) = preSolution
		HideSolutionNode = FALSE
	EndGlobalSection
	GlobalSection(NestedProjects) = preSolution
		{96F8B975-1B23-495E-8D40-EB8DDA28BA30} = {827E0CD3-B72D-47B6-A68D-7590B98EB39B}
		{74A49996-242D-4E15-A59A-C52737842C16} = {827E0CD3-B72D-47B6-A68D-7590B98EB39B}
		{AEB87A54-84F1-46DC-B1F4-BFEF360A8B21} = {827E0CD3-B72D-47B6-A68D-7590B98EB39B}
		{58B493BE-C214-4422-B899-A54ADE1FB2A2} = {0AB3BF05-4346-4AA6-1389-037BE0695223}
		{87186E46-5F65-4277-9816-CE58B5928BB1} = {0AB3BF05-4346-4AA6-1389-037BE0695223}
		{8613619B-495F-46D0-A124-2D918382BB94} = {0AB3BF05-4346-4AA6-1389-037BE0695223}
		{76A5CD3F-BBBF-43EA-A20A-155653EC370D} = {0AB3BF05-4346-4AA6-1389-037BE0695223}
		{74302FDB-63FD-4D52-886E-F8DDEF7925A5} = {827E0CD3-B72D-47B6-A68D-7590B98EB39B}
	EndGlobalSection
EndGlobal
